
Microsoft Visual Studio Solution File, Format Version 12.00
# Visual Studio 15
VisualStudioVersion = 15.0.28307.1300
MinimumVisualStudioVersion = 10.0.40219.1
Project("{9A19103F-16F7-4668-BE54-9A1E7A4F7556}") = "xxx", "Unikktle\Unikktle.csproj", "{52DC3F7C-D0C4-4CF3-8A45-D5A0ADE9C1B1}"
EndProject
Project("{9A19103F-16F7-4668-BE54-9A1E7A4F7556}") = "PayPalListen", "PayPalListen\PayPalListen.csproj", "{99A12230-DB59-4F2E-B71A-B3429CA45BE9}"
EndProject
Project("{9A19103F-16F7-4668-BE54-9A1E7A4F7556}") = "TestPayPalListen", "TestPayPalListen\TestPayPalListen.csproj", "{A98A6916-F9BC-44EC-B777-81036AE5780B}"
EndProject
Project("{2150E333-8FDC-42A3-9474-1A3956D46DE8}") = "Test", "Test", "{3A1AE93D-4C91-4555-B87F-F8BA66EAFB80}"
EndProject
Project("{2150E333-8FDC-42A3-9474-1A3956D46DE8}") = "Exe", "Exe", "{BAFBB6FD-3206-44B3-B663-2E51C2CB342C}"
EndProject
Project("{9A19103F-16F7-4668-BE54-9A1E7A4F7556}") = "TestUnikktle", "TestUnikktle\TestUnikktle.csproj", "{F22D5711-71F6-4783-B3DF-65664EB2D123}"
EndProject
Project("{2150E333-8FDC-42A3-9474-1A3956D46DE8}") = "Lib", "Lib", "{19546196-429E-4A56-9D32-CBACA13676B8}"
EndProject
Project("{9A19103F-16F7-4668-BE54-9A1E7A4F7556}") = "TestWeb", "TestWeb\TestWeb.csproj", "{0CB9DD9C-FE68-46CE-9744-90ABA2F00CA8}"
EndProject
Project("{9A19103F-16F7-4668-BE54-9A1E7A4F7556}") = "UnikktleMentor", "UnikktleMentor\UnikktleMentor.csproj", "{5EFF88B6-A1B1-4088-851C-67D0F7AD19B2}"
EndProject
Project("{9A19103F-16F7-4668-BE54-9A1E7A4F7556}") = "UnikktleMentorEngine", "UnikktleMentorEngine\UnikktleMentorEngine.csproj", "{FF82840A-22DA-450C-BF78-3461AEBA8375}"
EndProject
Project("{9A19103F-16F7-4668-BE54-9A1E7A4F7556}") = "UnikktleMentorEngineTest", "UnikktleMentorEngineTest\UnikktleMentorEngineTest.csproj", "{0E17F1CD-ADCE-4758-A6CE-7C3C4E8AE4AF}"
EndProject
Project("{FAE04EC0-301F-11D3-BF4B-00C04F79EFBC}") = "UnikktleCommon", "UnikktleCommon\UnikktleCommon.csproj", "{D4EAB513-A7DC-4897-B03D-1213FBB593A5}"
EndProject
Global
	GlobalSection(SolutionConfigurationPlatforms) = preSolution
		Debug|Any CPU = Debug|Any CPU
		Debug|x64 = Debug|x64
		Release|Any CPU = Release|Any CPU
		Release|x64 = Release|x64
	EndGlobalSection
	GlobalSection(ProjectConfigurationPlatforms) = postSolution
		{52DC3F7C-D0C4-4CF3-8A45-D5A0ADE9C1B1}.Debug|Any CPU.ActiveCfg = Debug|Any CPU
		{52DC3F7C-D0C4-4CF3-8A45-D5A0ADE9C1B1}.Debug|Any CPU.Build.0 = Debug|Any CPU
		{52DC3F7C-D0C4-4CF3-8A45-D5A0ADE9C1B1}.Debug|x64.ActiveCfg = Debug|x64
		{52DC3F7C-D0C4-4CF3-8A45-D5A0ADE9C1B1}.Debug|x64.Build.0 = Debug|x64
		{52DC3F7C-D0C4-4CF3-8A45-D5A0ADE9C1B1}.Release|Any CPU.ActiveCfg = Release|Any CPU
		{52DC3F7C-D0C4-4CF3-8A45-D5A0ADE9C1B1}.Release|Any CPU.Build.0 = Release|Any CPU
		{52DC3F7C-D0C4-4CF3-8A45-D5A0ADE9C1B1}.Release|x64.ActiveCfg = Release|x64
		{52DC3F7C-D0C4-4CF3-8A45-D5A0ADE9C1B1}.Release|x64.Build.0 = Release|x64
		{99A12230-DB59-4F2E-B71A-B3429CA45BE9}.Debug|Any CPU.ActiveCfg = Debug|Any CPU
		{99A12230-DB59-4F2E-B71A-B3429CA45BE9}.Debug|Any CPU.Build.0 = Debug|Any CPU
		{99A12230-DB59-4F2E-B71A-B3429CA45BE9}.Debug|x64.ActiveCfg = Debug|Any CPU
		{99A12230-DB59-4F2E-B71A-B3429CA45BE9}.Debug|x64.Build.0 = Debug|Any CPU
		{99A12230-DB59-4F2E-B71A-B3429CA45BE9}.Release|Any CPU.ActiveCfg = Release|Any CPU
		{99A12230-DB59-4F2E-B71A-B3429CA45BE9}.Release|Any CPU.Build.0 = Release|Any CPU
		{99A12230-DB59-4F2E-B71A-B3429CA45BE9}.Release|x64.ActiveCfg = Release|Any CPU
		{99A12230-DB59-4F2E-B71A-B3429CA45BE9}.Release|x64.Build.0 = Release|Any CPU
		{A98A6916-F9BC-44EC-B777-81036AE5780B}.Debug|Any CPU.ActiveCfg = Debug|Any CPU
		{A98A6916-F9BC-44EC-B777-81036AE5780B}.Debug|Any CPU.Build.0 = Debug|Any CPU
		{A98A6916-F9BC-44EC-B777-81036AE5780B}.Debug|x64.ActiveCfg = Debug|Any CPU
		{A98A6916-F9BC-44EC-B777-81036AE5780B}.Debug|x64.Build.0 = Debug|Any CPU
		{A98A6916-F9BC-44EC-B777-81036AE5780B}.Release|Any CPU.ActiveCfg = Release|Any CPU
		{A98A6916-F9BC-44EC-B777-81036AE5780B}.Release|Any CPU.Build.0 = Release|Any CPU
		{A98A6916-F9BC-44EC-B777-81036AE5780B}.Release|x64.ActiveCfg = Release|Any CPU
		{A98A6916-F9BC-44EC-B777-81036AE5780B}.Release|x64.Build.0 = Release|Any CPU
		{F22D5711-71F6-4783-B3DF-65664EB2D123}.Debug|Any CPU.ActiveCfg = Debug|Any CPU
		{F22D5711-71F6-4783-B3DF-65664EB2D123}.Debug|Any CPU.Build.0 = Debug|Any CPU
		{F22D5711-71F6-4783-B3DF-65664EB2D123}.Debug|x64.ActiveCfg = Debug|Any CPU
		{F22D5711-71F6-4783-B3DF-65664EB2D123}.Debug|x64.Build.0 = Debug|Any CPU
		{F22D5711-71F6-4783-B3DF-65664EB2D123}.Release|Any CPU.ActiveCfg = Release|Any CPU
		{F22D5711-71F6-4783-B3DF-65664EB2D123}.Release|Any CPU.Build.0 = Release|Any CPU
		{F22D5711-71F6-4783-B3DF-65664EB2D123}.Release|x64.ActiveCfg = Release|Any CPU
		{F22D5711-71F6-4783-B3DF-65664EB2D123}.Release|x64.Build.0 = Release|Any CPU
		{0CB9DD9C-FE68-46CE-9744-90ABA2F00CA8}.Debug|Any CPU.ActiveCfg = Debug|Any CPU
		{0CB9DD9C-FE68-46CE-9744-90ABA2F00CA8}.Debug|Any CPU.Build.0 = Debug|Any CPU
		{0CB9DD9C-FE68-46CE-9744-90ABA2F00CA8}.Debug|x64.ActiveCfg = Debug|Any CPU
		{0CB9DD9C-FE68-46CE-9744-90ABA2F00CA8}.Debug|x64.Build.0 = Debug|Any CPU
		{0CB9DD9C-FE68-46CE-9744-90ABA2F00CA8}.Release|Any CPU.ActiveCfg = Release|Any CPU
		{0CB9DD9C-FE68-46CE-9744-90ABA2F00CA8}.Release|Any CPU.Build.0 = Release|Any CPU
		{0CB9DD9C-FE68-46CE-9744-90ABA2F00CA8}.Release|x64.ActiveCfg = Release|Any CPU
		{0CB9DD9C-FE68-46CE-9744-90ABA2F00CA8}.Release|x64.Build.0 = Release|Any CPU
		{5EFF88B6-A1B1-4088-851C-67D0F7AD19B2}.Debug|Any CPU.ActiveCfg = Debug|Any CPU
		{5EFF88B6-A1B1-4088-851C-67D0F7AD19B2}.Debug|Any CPU.Build.0 = Debug|Any CPU
		{5EFF88B6-A1B1-4088-851C-67D0F7AD19B2}.Debug|x64.ActiveCfg = Debug|x64
		{5EFF88B6-A1B1-4088-851C-67D0F7AD19B2}.Debug|x64.Build.0 = Debug|x64
		{5EFF88B6-A1B1-4088-851C-67D0F7AD19B2}.Release|Any CPU.ActiveCfg = Release|Any CPU
		{5EFF88B6-A1B1-4088-851C-67D0F7AD19B2}.Release|Any CPU.Build.0 = Release|Any CPU
		{5EFF88B6-A1B1-4088-851C-67D0F7AD19B2}.Release|x64.ActiveCfg = Release|x64
		{5EFF88B6-A1B1-4088-851C-67D0F7AD19B2}.Release|x64.Build.0 = Release|x64
		{FF82840A-22DA-450C-BF78-3461AEBA8375}.Debug|Any CPU.ActiveCfg = Debug|Any CPU
		{FF82840A-22DA-450C-BF78-3461AEBA8375}.Debug|Any CPU.Build.0 = Debug|Any CPU
		{FF82840A-22DA-450C-BF78-3461AEBA8375}.Debug|x64.ActiveCfg = Debug|Any CPU
		{FF82840A-22DA-450C-BF78-3461AEBA8375}.Debug|x64.Build.0 = Debug|Any CPU
		{FF82840A-22DA-450C-BF78-3461AEBA8375}.Release|Any CPU.ActiveCfg = Release|Any CPU
		{FF82840A-22DA-450C-BF78-3461AEBA8375}.Release|Any CPU.Build.0 = Release|Any CPU
		{FF82840A-22DA-450C-BF78-3461AEBA8375}.Release|x64.ActiveCfg = Release|Any CPU
		{FF82840A-22DA-450C-BF78-3461AEBA8375}.Release|x64.Build.0 = Release|Any CPU
		{0E17F1CD-ADCE-4758-A6CE-7C3C4E8AE4AF}.Debug|Any CPU.ActiveCfg = Debug|Any CPU
		{0E17F1CD-ADCE-4758-A6CE-7C3C4E8AE4AF}.Debug|Any CPU.Build.0 = Debug|Any CPU
		{0E17F1CD-ADCE-4758-A6CE-7C3C4E8AE4AF}.Debug|x64.ActiveCfg = Debug|Any CPU
		{0E17F1CD-ADCE-4758-A6CE-7C3C4E8AE4AF}.Debug|x64.Build.0 = Debug|Any CPU
		{0E17F1CD-ADCE-4758-A6CE-7C3C4E8AE4AF}.Release|Any CPU.ActiveCfg = Release|Any CPU
		{0E17F1CD-ADCE-4758-A6CE-7C3C4E8AE4AF}.Release|Any CPU.Build.0 = Release|Any CPU
		{0E17F1CD-ADCE-4758-A6CE-7C3C4E8AE4AF}.Release|x64.ActiveCfg = Release|Any CPU
		{0E17F1CD-ADCE-4758-A6CE-7C3C4E8AE4AF}.Release|x64.Build.0 = Release|Any CPU
		{D4EAB513-A7DC-4897-B03D-1213FBB593A5}.Debug|Any CPU.ActiveCfg = Debug|Any CPU
		{D4EAB513-A7DC-4897-B03D-1213FBB593A5}.Debug|Any CPU.Build.0 = Debug|Any CPU
		{D4EAB513-A7DC-4897-B03D-1213FBB593A5}.Debug|x64.ActiveCfg = Debug|Any CPU
		{D4EAB513-A7DC-4897-B03D-1213FBB593A5}.Debug|x64.Build.0 = Debug|Any CPU
		{D4EAB513-A7DC-4897-B03D-1213FBB593A5}.Release|Any CPU.ActiveCfg = Release|Any CPU
		{D4EAB513-A7DC-4897-B03D-1213FBB593A5}.Release|Any CPU.Build.0 = Release|Any CPU
		{D4EAB513-A7DC-4897-B03D-1213FBB593A5}.Release|x64.ActiveCfg = Release|Any CPU
		{D4EAB513-A7DC-4897-B03D-1213FBB593A5}.Release|x64.Build.0 = Release|Any CPU
	EndGlobalSection
	GlobalSection(SolutionProperties) = preSolution
		HideSolutionNode = FALSE
	EndGlobalSection
	GlobalSection(NestedProjects) = preSolution
		{52DC3F7C-D0C4-4CF3-8A45-D5A0ADE9C1B1} = {BAFBB6FD-3206-44B3-B663-2E51C2CB342C}
		{99A12230-DB59-4F2E-B71A-B3429CA45BE9} = {BAFBB6FD-3206-44B3-B663-2E51C2CB342C}
		{A98A6916-F9BC-44EC-B777-81036AE5780B} = {3A1AE93D-4C91-4555-B87F-F8BA66EAFB80}
		{F22D5711-71F6-4783-B3DF-65664EB2D123} = {3A1AE93D-4C91-4555-B87F-F8BA66EAFB80}
		{0CB9DD9C-FE68-46CE-9744-90ABA2F00CA8} = {BAFBB6FD-3206-44B3-B663-2E51C2CB342C}
		{5EFF88B6-A1B1-4088-851C-67D0F7AD19B2} = {BAFBB6FD-3206-44B3-B663-2E51C2CB342C}
		{FF82840A-22DA-450C-BF78-3461AEBA8375} = {19546196-429E-4A56-9D32-CBACA13676B8}
		{0E17F1CD-ADCE-4758-A6CE-7C3C4E8AE4AF} = {3A1AE93D-4C91-4555-B87F-F8BA66EAFB80}
		{D4EAB513-A7DC-4897-B03D-1213FBB593A5} = {19546196-429E-4A56-9D32-CBACA13676B8}
	EndGlobalSection
	GlobalSection(ExtensibilityGlobals) = postSolution
		SolutionGuid = {B0687DD2-BE54-4466-B9D1-0332FA0F65E9}
	EndGlobalSection
EndGlobal
